# This file is generated by running "yarn install" inside your project.
# Manual changes might be lost - proceed with caution!

__metadata:
  version: 6
  cacheKey: 8

"SlidesToSheets@workspace:.":
  version: 0.0.0-use.local
  resolution: "SlidesToSheets@workspace:."
  dependencies:
    dotenv: ^17.2.3
    googleapis: 51
    lodash: ^4.17.21
  bin:
    SlidesToSheets: index.js
  languageName: unknown
  linkType: soft

"abort-controller@npm:^3.0.0":
  version: 3.0.0
  resolution: "abort-controller@npm:3.0.0"
  dependencies:
    event-target-shim: ^5.0.0
  checksum: 170bdba9b47b7e65906a28c8ce4f38a7a369d78e2271706f020849c1bfe0ee2067d4261df8bbb66eb84f79208fd5b710df759d64191db58cfba7ce8ef9c54b75
  languageName: node
  linkType: hard

"agent-base@npm:6":
  version: 6.0.2
  resolution: "agent-base@npm:6.0.2"
  dependencies:
    debug: 4
  checksum: f52b6872cc96fd5f622071b71ef200e01c7c4c454ee68bc9accca90c98cfb39f2810e3e9aa330435835eedc8c23f4f8a15267f67c6e245d2b33757575bdac49d
  languageName: node
  linkType: hard

"arrify@npm:^2.0.0":
  version: 2.0.1
  resolution: "arrify@npm:2.0.1"
  checksum: 067c4c1afd182806a82e4c1cb8acee16ab8b5284fbca1ce29408e6e91281c36bb5b612f6ddfbd40a0f7a7e0c75bf2696eb94c027f6e328d6e9c52465c98e4209
  languageName: node
  linkType: hard

"base64-js@npm:^1.3.0":
  version: 1.3.1
  resolution: "base64-js@npm:1.3.1"
  checksum: 957b9ced0ea1b39588a117193f801b045a5fb2d6f1b9943dd304bcad46e5681bf837fe092105692b11653658e8443764139d6b11d3c4037093b96e8db4e1dbb2
  languageName: node
  linkType: hard

"bignumber.js@npm:^9.0.0":
  version: 9.3.1
  resolution: "bignumber.js@npm:9.3.1"
  checksum: 6ab100271a23a75bb8b99a4b1a34a1a94967ac0b9a52a198147607bd91064e72c6f356380d7a09cd687bf50d81ad2ed1a0a8edfaa90369c9003ed8bb2440d7f0
  languageName: node
  linkType: hard

"buffer-equal-constant-time@npm:1.0.1":
  version: 1.0.1
  resolution: "buffer-equal-constant-time@npm:1.0.1"
  checksum: 80bb945f5d782a56f374b292770901065bad21420e34936ecbe949e57724b4a13874f735850dd1cc61f078773c4fb5493a41391e7bda40d1fa388d6bd80daaab
  languageName: node
  linkType: hard

"debug@npm:4":
  version: 4.1.1
  resolution: "debug@npm:4.1.1"
  dependencies:
    ms: ^2.1.1
  checksum: 1e681f5cce94ba10f8dde74b20b42e4d8cf0d2a6700f4c165bb3bb6885565ef5ca5885bf07e704974a835f2415ff095a63164f539988a1f07e8a69fe8b1d65ad
  languageName: node
  linkType: hard

"dotenv@npm:^17.2.3":
  version: 17.2.3
  resolution: "dotenv@npm:17.2.3"
  checksum: fde23eb88649041ec7a0f6a47bbe59cac3c454fc2007cf2e40b9c984aaf0636347218c56cfbbf067034b0a73f530a2698a19b4058695787eb650ec69fe234624
  languageName: node
  linkType: hard

"ecdsa-sig-formatter@npm:1.0.11, ecdsa-sig-formatter@npm:^1.0.11":
  version: 1.0.11
  resolution: "ecdsa-sig-formatter@npm:1.0.11"
  dependencies:
    safe-buffer: ^5.0.1
  checksum: 207f9ab1c2669b8e65540bce29506134613dd5f122cccf1e6a560f4d63f2732d427d938f8481df175505aad94583bcb32c688737bb39a6df0625f903d6d93c03
  languageName: node
  linkType: hard

"event-target-shim@npm:^5.0.0":
  version: 5.0.1
  resolution: "event-target-shim@npm:5.0.1"
  checksum: 1ffe3bb22a6d51bdeb6bf6f7cf97d2ff4a74b017ad12284cc9e6a279e727dc30a5de6bb613e5596ff4dc3e517841339ad09a7eec44266eccb1aa201a30448166
  languageName: node
  linkType: hard

"extend@npm:^3.0.2":
  version: 3.0.2
  resolution: "extend@npm:3.0.2"
  checksum: a50a8309ca65ea5d426382ff09f33586527882cf532931cb08ca786ea3146c0553310bda688710ff61d7668eba9f96b923fe1420cdf56a2c3eaf30fcab87b515
  languageName: node
  linkType: hard

"fast-text-encoding@npm:^1.0.0":
  version: 1.0.6
  resolution: "fast-text-encoding@npm:1.0.6"
  checksum: 9d58f694314b3283e785bf61954902536da228607ad246905e30256f9ab8331f780ac987e7222c9f5eafd04168d07e12b8054c85cedb76a2c05af0e82387a903
  languageName: node
  linkType: hard

"gaxios@npm:^4.0.0":
  version: 4.3.3
  resolution: "gaxios@npm:4.3.3"
  dependencies:
    abort-controller: ^3.0.0
    extend: ^3.0.2
    https-proxy-agent: ^5.0.0
    is-stream: ^2.0.0
    node-fetch: ^2.6.7
  checksum: 0b72a00875404e2c3d7aca9f32535e931d7b0ebb850dc92fafc1685b99a109b04205c63e4637a2d0d9a261ac50adf83f7d33435f73e256dcca32564ef9358fee
  languageName: node
  linkType: hard

"gcp-metadata@npm:^4.2.0":
  version: 4.3.1
  resolution: "gcp-metadata@npm:4.3.1"
  dependencies:
    gaxios: ^4.0.0
    json-bigint: ^1.0.0
  checksum: b0b1b85ea2efee1d640a1d4ead0937fdcceffd43ab4cacfdd66fd086fcfe5c3d09ad850ee14f43f2dc73244b2617b166adfa09a2a85e0652a8c56bed194f01fe
  languageName: node
  linkType: hard

"google-auth-library@npm:^6.0.0":
  version: 6.1.6
  resolution: "google-auth-library@npm:6.1.6"
  dependencies:
    arrify: ^2.0.0
    base64-js: ^1.3.0
    ecdsa-sig-formatter: ^1.0.11
    fast-text-encoding: ^1.0.0
    gaxios: ^4.0.0
    gcp-metadata: ^4.2.0
    gtoken: ^5.0.4
    jws: ^4.0.0
    lru-cache: ^6.0.0
  checksum: d65fcb43c8c43763dbe086e374675fbef6d55630d68726110f3f96ce3876c5cf36d3de7362b4421efa76979509f92de38268a65486c076055099a5104d4b73db
  languageName: node
  linkType: hard

"google-p12-pem@npm:^3.1.3":
  version: 3.1.4
  resolution: "google-p12-pem@npm:3.1.4"
  dependencies:
    node-forge: ^1.3.1
  bin:
    gp12-pem: build/src/bin/gp12-pem.js
  checksum: 72ce13b9536c69f21584cb7477ed4c34674325639a5dac42e8d774b78d367cb196ae7d37a52bba868235205760df353ac678a5e1756a4f4ded82e16d29d6cbb1
  languageName: node
  linkType: hard

"googleapis-common@npm:^4.1.0":
  version: 4.4.3
  resolution: "googleapis-common@npm:4.4.3"
  dependencies:
    extend: ^3.0.2
    gaxios: ^4.0.0
    google-auth-library: ^6.0.0
    qs: ^6.7.0
    url-template: ^2.0.8
    uuid: ^8.0.0
  checksum: 3983c4299eeb15c552c917a55ecdd3f5e3f9644e4260afe59eb98e0df24d4af498d79d2a85d4e2d9b66344a410fd516974704c041df784cc50ca900799e54b6c
  languageName: node
  linkType: hard

"googleapis@npm:51":
  version: 51.0.0
  resolution: "googleapis@npm:51.0.0"
  dependencies:
    google-auth-library: ^6.0.0
    googleapis-common: ^4.1.0
  checksum: ec68b5d566240de9daf394f865e5d56f3cb09d9b2cb720ba99955fe82f384d8eda588b59fca4805ce5c53c3eb6df8282eca440cdb79886c3b235483cf7c69810
  languageName: node
  linkType: hard

"gtoken@npm:^5.0.4":
  version: 5.3.2
  resolution: "gtoken@npm:5.3.2"
  dependencies:
    gaxios: ^4.0.0
    google-p12-pem: ^3.1.3
    jws: ^4.0.0
  checksum: 1fd640e98afcb3d5c77026fd4ff0671dce724acad11169e5b63701a853e1f5a03f4c76fe6eb95500db80f8444753ce212701d396186ef006088d08be4174f2d7
  languageName: node
  linkType: hard

"https-proxy-agent@npm:^5.0.0":
  version: 5.0.1
  resolution: "https-proxy-agent@npm:5.0.1"
  dependencies:
    agent-base: 6
    debug: 4
  checksum: 571fccdf38184f05943e12d37d6ce38197becdd69e58d03f43637f7fa1269cf303a7d228aa27e5b27bbd3af8f09fd938e1c91dcfefff2df7ba77c20ed8dfc765
  languageName: node
  linkType: hard

"is-stream@npm:^2.0.0":
  version: 2.0.1
  resolution: "is-stream@npm:2.0.1"
  checksum: b8e05ccdf96ac330ea83c12450304d4a591f9958c11fd17bed240af8d5ffe08aedafa4c0f4cfccd4d28dc9d4d129daca1023633d5c11601a6cbc77521f6fae66
  languageName: node
  linkType: hard

"json-bigint@npm:^1.0.0":
  version: 1.0.0
  resolution: "json-bigint@npm:1.0.0"
  dependencies:
    bignumber.js: ^9.0.0
  checksum: c67bb93ccb3c291e60eb4b62931403e378906aab113ec1c2a8dd0f9a7f065ad6fd9713d627b732abefae2e244ac9ce1721c7a3142b2979532f12b258634ce6f6
  languageName: node
  linkType: hard

"jwa@npm:^2.0.0":
  version: 2.0.0
  resolution: "jwa@npm:2.0.0"
  dependencies:
    buffer-equal-constant-time: 1.0.1
    ecdsa-sig-formatter: 1.0.11
    safe-buffer: ^5.0.1
  checksum: 8f00b71ad5fe94cb55006d0d19202f8f56889109caada2f7eeb63ca81755769ce87f4f48101967f398462e3b8ae4faebfbd5a0269cb755dead5d63c77ba4d2f1
  languageName: node
  linkType: hard

"jws@npm:^4.0.0":
  version: 4.0.0
  resolution: "jws@npm:4.0.0"
  dependencies:
    jwa: ^2.0.0
    safe-buffer: ^5.0.1
  checksum: d68d07aa6d1b8cb35c363a9bd2b48f15064d342a5d9dc18a250dbbce8dc06bd7e4792516c50baa16b8d14f61167c19e851fd7f66b59ecc68b7f6a013759765f7
  languageName: node
  linkType: hard

"lodash@npm:^4.17.21":
  version: 4.17.21
  resolution: "lodash@npm:4.17.21"
  checksum: eb835a2e51d381e561e508ce932ea50a8e5a68f4ebdd771ea240d3048244a8d13658acbd502cd4829768c56f2e16bdd4340b9ea141297d472517b83868e677f7
  languageName: node
  linkType: hard

"lru-cache@npm:^6.0.0":
  version: 6.0.0
  resolution: "lru-cache@npm:6.0.0"
  dependencies:
    yallist: ^4.0.0
  checksum: f97f499f898f23e4585742138a22f22526254fdba6d75d41a1c2526b3b6cc5747ef59c5612ba7375f42aca4f8461950e925ba08c991ead0651b4918b7c978297
  languageName: node
  linkType: hard

"ms@npm:^2.1.1":
  version: 2.1.2
  resolution: "ms@npm:2.1.2"
  checksum: 673cdb2c3133eb050c745908d8ce632ed2c02d85640e2edb3ace856a2266a813b30c613569bf3354fdf4ea7d1a1494add3bfa95e2713baa27d0c2c71fc44f58f
  languageName: node
  linkType: hard

"node-fetch@npm:^2.6.7":
  version: 2.7.0
  resolution: "node-fetch@npm:2.7.0"
  dependencies:
    whatwg-url: ^5.0.0
  peerDependencies:
    encoding: ^0.1.0
  peerDependenciesMeta:
    encoding:
      optional: true
  checksum: d76d2f5edb451a3f05b15115ec89fc6be39de37c6089f1b6368df03b91e1633fd379a7e01b7ab05089a25034b2023d959b47e59759cb38d88341b2459e89d6e5
  languageName: node
  linkType: hard

"node-forge@npm:^1.3.1":
  version: 1.3.2
  resolution: "node-forge@npm:1.3.2"
  checksum: b6f905b0fcc39a2d59598e12ca2c071bfd760e56a9163aab8da7f8d6622547f8db60cfb2aefc39277d5a13af32e58573674b38107a2d4df7c243e12794839546
  languageName: node
  linkType: hard

"qs@npm:^6.7.0":
  version: 6.9.4
  resolution: "qs@npm:6.9.4"
  checksum: 5ac0bd145f32d346d20c2fdcf19c8e548c5916458851e32527efb25be0c2cff8a3a81140c145c98a1184779b5b625c91bc7c50e147073bffb978fb7f4a9c8c8a
  languageName: node
  linkType: hard

"safe-buffer@npm:^5.0.1":
  version: 5.2.1
  resolution: "safe-buffer@npm:5.2.1"
  checksum: b99c4b41fdd67a6aaf280fcd05e9ffb0813654894223afb78a31f14a19ad220bba8aba1cb14eddce1fcfb037155fe6de4e861784eb434f7d11ed58d1e70dd491
  languageName: node
  linkType: hard

"tr46@npm:~0.0.3":
  version: 0.0.3
  resolution: "tr46@npm:0.0.3"
  checksum: 726321c5eaf41b5002e17ffbd1fb7245999a073e8979085dacd47c4b4e8068ff5777142fc6726d6ca1fd2ff16921b48788b87225cbc57c72636f6efa8efbffe3
  languageName: node
  linkType: hard

"url-template@npm:^2.0.8":
  version: 2.0.8
  resolution: "url-template@npm:2.0.8"
  checksum: 4183fccd74e3591e4154134d4443dccecba9c455c15c7df774f1f1e3fa340fd9bffb903b5beec347196d15ce49c34edf6dec0634a95d170ad6e78c0467d6e13e
  languageName: node
  linkType: hard

"uuid@npm:^8.0.0":
  version: 8.3.2
  resolution: "uuid@npm:8.3.2"
  bin:
    uuid: dist/bin/uuid
  checksum: 5575a8a75c13120e2f10e6ddc801b2c7ed7d8f3c8ac22c7ed0c7b2ba6383ec0abda88c905085d630e251719e0777045ae3236f04c812184b7c765f63a70e58df
  languageName: node
  linkType: hard

"webidl-conversions@npm:^3.0.0":
  version: 3.0.1
  resolution: "webidl-conversions@npm:3.0.1"
  checksum: c92a0a6ab95314bde9c32e1d0a6dfac83b578f8fa5f21e675bc2706ed6981bc26b7eb7e6a1fab158e5ce4adf9caa4a0aee49a52505d4d13c7be545f15021b17c
  languageName: node
  linkType: hard

"whatwg-url@npm:^5.0.0":
  version: 5.0.0
  resolution: "whatwg-url@npm:5.0.0"
  dependencies:
    tr46: ~0.0.3
    webidl-conversions: ^3.0.0
  checksum: b8daed4ad3356cc4899048a15b2c143a9aed0dfae1f611ebd55073310c7b910f522ad75d727346ad64203d7e6c79ef25eafd465f4d12775ca44b90fa82ed9e2c
  languageName: node
  linkType: hard

"yallist@npm:^4.0.0":
  version: 4.0.0
  resolution: "yallist@npm:4.0.0"
  checksum: 343617202af32df2a15a3be36a5a8c0c8545208f3d3dfbc6bb7c3e3b7e8c6f8e7485432e4f3b88da3031a6e20afa7c711eded32ddfb122896ac5d914e75848d5
  languageName: node
  linkType: hard
